
Microsoft Visual Studio Solution File, Format Version 12.00
# Visual Studio 2013
VisualStudioVersion = 12.0.40629.0
MinimumVisualStudioVersion = 10.0.40219.1
Project("{FAE04EC0-301F-11D3-BF4B-00C04F79EFBC}") = "WebFormsWithAutocomplete", "WebFormsWithAutocomplete\WebFormsWithAutocomplete.csproj", "{2998273B-7F66-42B4-982A-73A6136067A4}"
EndProject
Project("{FAE04EC0-301F-11D3-BF4B-00C04F79EFBC}") = "WebFormsWithAutocomplete.Tests", "WebFormsWithAutocomplete.Tests\WebFormsWithAutocomplete.Tests.csproj", "{5E39CCB9-0348-4494-8E3C-3AD6506436E4}"
EndProject
Global
	GlobalSection(SolutionConfigurationPlatforms) = preSolution
		Debug|Any CPU = Debug|Any CPU
		Release|Any CPU = Release|Any CPU
	EndGlobalSection
	GlobalSection(ProjectConfigurationPlatforms) = postSolution
		{2998273B-7F66-42B4-982A-73A6136067A4}.Debug|Any CPU.ActiveCfg = Debug|Any CPU
		{2998273B-7F66-42B4-982A-73A6136067A4}.Debug|Any CPU.Build.0 = Debug|Any CPU
		{2998273B-7F66-42B4-982A-73A6136067A4}.Release|Any CPU.ActiveCfg = Release|Any CPU
		{2998273B-7F66-42B4-982A-73A6136067A4}.Release|Any CPU.Build.0 = Release|Any CPU
		{5E39CCB9-0348-4494-8E3C-3AD6506436E4}.Debug|Any CPU.ActiveCfg = Debug|Any CPU
		{5E39CCB9-0348-4494-8E3C-3AD6506436E4}.Debug|Any CPU.Build.0 = Debug|Any CPU
		{5E39CCB9-0348-4494-8E3C-3AD6506436E4}.Release|Any CPU.ActiveCfg = Release|Any CPU
		{5E39CCB9-0348-4494-8E3C-3AD6506436E4}.Release|Any CPU.Build.0 = Release|Any CPU
	EndGlobalSection
	GlobalSection(SolutionProperties) = preSolution
		HideSolutionNode = FALSE
	EndGlobalSection
EndGlobal
